
Microsoft Visual Studio Solution File, Format Version 12.00
# Visual Studio Version 16
VisualStudioVersion = 16.0.31112.23
MinimumVisualStudioVersion = 10.0.40219.1
Project("{9A19103F-16F7-4668-BE54-9A1E7A4F7556}") = "ConsoleAppTest", "ConsoleAppTest.csproj", "{232008C8-4AD6-49CE-B747-D20EB2BF04AC}"
EndProject
Global
	GlobalSection(SolutionConfigurationPlatforms) = preSolution
		Debug|Any CPU = Debug|Any CPU
		Release|Any CPU = Release|Any CPU
	EndGlobalSection
	GlobalSection(ProjectConfigurationPlatforms) = postSolution
		{232008C8-4AD6-49CE-B747-D20EB2BF04AC}.Debug|Any CPU.ActiveCfg = Debug|Any CPU
		{232008C8-4AD6-49CE-B747-D20EB2BF04AC}.Debug|Any CPU.Build.0 = Debug|Any CPU
		{232008C8-4AD6-49CE-B747-D20EB2BF04AC}.Release|Any CPU.ActiveCfg = Release|Any CPU
		{232008C8-4AD6-49CE-B747-D20EB2BF04AC}.Release|Any CPU.Build.0 = Release|Any CPU
	EndGlobalSection
	GlobalSection(SolutionProperties) = preSolution
		HideSolutionNode = FALSE
	EndGlobalSection
	GlobalSection(ExtensibilityGlobals) = postSolution
		SolutionGuid = {7AF80275-2190-4A21-9263-0D50B6F66B33}
	EndGlobalSection
EndGlobal
